PODS:
  - AppCenter (1.12.0):
    - AppCenter/Analytics (= 1.12.0)
    - AppCenter/Crashes (= 1.12.0)
  - AppCenter/Analytics (1.12.0):
    - AppCenter/Core
  - AppCenter/Core (1.12.0)
  - AppCenter/Crashes (1.12.0):
    - AppCenter/Core

DEPENDENCIES:
  - AppCenter

SPEC REPOS:
  https://github.com/CocoaPods/Specs.git:
    - AppCenter

SPEC CHECKSUMS:
  AppCenter: 4d27bdafd74b1b3e90946b9989fd6011a7e39c5e

PODFILE CHECKSUM: 3905c7a628259462a0acc89ea278616b1c657119

COCOAPODS: 1.5.3
